
Microsoft Visual Studio Solution File, Format Version 12.00
# Visual Studio 15
VisualStudioVersion = 15.0.27428.2027
MinimumVisualStudioVersion = 10.0.40219.1
Project("{FAE04EC0-301F-11D3-BF4B-00C04F79EFBC}") = "QuickDevDotnet", "QuickDevDotnet\QuickDevDotnet.csproj", "{BAE9D0DD-4157-4707-8F1D-CC14F7C338B7}"
EndProject
Global
	GlobalSection(SolutionConfigurationPlatforms) = preSolution
		Debug|Any CPU = Debug|Any CPU
		Release|Any CPU = Release|Any CPU
	EndGlobalSection
	GlobalSection(ProjectConfigurationPlatforms) = postSolution
		{BAE9D0DD-4157-4707-8F1D-CC14F7C338B7}.Debug|Any CPU.ActiveCfg = Debug|Any CPU
		{BAE9D0DD-4157-4707-8F1D-CC14F7C338B7}.Debug|Any CPU.Build.0 = Debug|Any CPU
		{BAE9D0DD-4157-4707-8F1D-CC14F7C338B7}.Release|Any CPU.ActiveCfg = Release|Any CPU
		{BAE9D0DD-4157-4707-8F1D-CC14F7C338B7}.Release|Any CPU.Build.0 = Release|Any CPU
	EndGlobalSection
	GlobalSection(SolutionProperties) = preSolution
		HideSolutionNode = FALSE
	EndGlobalSection
	GlobalSection(ExtensibilityGlobals) = postSolution
		SolutionGuid = {9C4E4697-44FB-4DFD-8B7C-479465F743CC}
	EndGlobalSection
EndGlobal
